
Microsoft Visual Studio Solution File, Format Version 12.00
# Visual Studio Version 17
VisualStudioVersion = 17.4.32916.344
MinimumVisualStudioVersion = 10.0.40219.1
Project("{9A19103F-16F7-4668-BE54-9A1E7A4F7556}") = "OnlineChat.WebUI", "OnlineChat.WebUI\OnlineChat.WebUI.csproj", "{7E987DA4-8259-47EE-B8AB-029D406F9549}"
	ProjectSection(ProjectDependencies) = postProject
		{3E3CFCB7-F967-4F5B-9E85-DED5659DED2D} = {3E3CFCB7-F967-4F5B-9E85-DED5659DED2D}
		{442225EA-5BC9-4B83-BD7A-A07DBEBF5EFB} = {442225EA-5BC9-4B83-BD7A-A07DBEBF5EFB}
	EndProjectSection
EndProject
Project("{9A19103F-16F7-4668-BE54-9A1E7A4F7556}") = "OnlineChat.Core", "OnlineChat.Core\OnlineChat.Core.csproj", "{3E3CFCB7-F967-4F5B-9E85-DED5659DED2D}"
EndProject
Project("{9A19103F-16F7-4668-BE54-9A1E7A4F7556}") = "OnlineChat.Infrastructure", "OnlineChat.Infrastructure\OnlineChat.Infrastructure.csproj", "{442225EA-5BC9-4B83-BD7A-A07DBEBF5EFB}"
	ProjectSection(ProjectDependencies) = postProject
		{3E3CFCB7-F967-4F5B-9E85-DED5659DED2D} = {3E3CFCB7-F967-4F5B-9E85-DED5659DED2D}
	EndProjectSection
EndProject
Global
	GlobalSection(SolutionConfigurationPlatforms) = preSolution
		Debug|Any CPU = Debug|Any CPU
		Release|Any CPU = Release|Any CPU
	EndGlobalSection
	GlobalSection(ProjectConfigurationPlatforms) = postSolution
		{7E987DA4-8259-47EE-B8AB-029D406F9549}.Debug|Any CPU.ActiveCfg = Debug|Any CPU
		{7E987DA4-8259-47EE-B8AB-029D406F9549}.Debug|Any CPU.Build.0 = Debug|Any CPU
		{7E987DA4-8259-47EE-B8AB-029D406F9549}.Release|Any CPU.ActiveCfg = Release|Any CPU
		{7E987DA4-8259-47EE-B8AB-029D406F9549}.Release|Any CPU.Build.0 = Release|Any CPU
		{3E3CFCB7-F967-4F5B-9E85-DED5659DED2D}.Debug|Any CPU.ActiveCfg = Debug|Any CPU
		{3E3CFCB7-F967-4F5B-9E85-DED5659DED2D}.Debug|Any CPU.Build.0 = Debug|Any CPU
		{3E3CFCB7-F967-4F5B-9E85-DED5659DED2D}.Release|Any CPU.ActiveCfg = Release|Any CPU
		{3E3CFCB7-F967-4F5B-9E85-DED5659DED2D}.Release|Any CPU.Build.0 = Release|Any CPU
		{442225EA-5BC9-4B83-BD7A-A07DBEBF5EFB}.Debug|Any CPU.ActiveCfg = Debug|Any CPU
		{442225EA-5BC9-4B83-BD7A-A07DBEBF5EFB}.Debug|Any CPU.Build.0 = Debug|Any CPU
		{442225EA-5BC9-4B83-BD7A-A07DBEBF5EFB}.Release|Any CPU.ActiveCfg = Release|Any CPU
		{442225EA-5BC9-4B83-BD7A-A07DBEBF5EFB}.Release|Any CPU.Build.0 = Release|Any CPU
	EndGlobalSection
	GlobalSection(SolutionProperties) = preSolution
		HideSolutionNode = FALSE
	EndGlobalSection
	GlobalSection(ExtensibilityGlobals) = postSolution
		SolutionGuid = {43991A9B-EBEF-4904-AABF-9719D0C96D88}
	EndGlobalSection
EndGlobal
