
Microsoft Visual Studio Solution File, Format Version 12.00
# Visual Studio Version 17
VisualStudioVersion = 17.4.32916.344
MinimumVisualStudioVersion = 10.0.40219.1
Project("{9A19103F-16F7-4668-BE54-9A1E7A4F7556}") = "OnlineChat.WebUI", "OnlineChat.WebUI\OnlineChat.WebUI.csproj", "{7E987DA4-8259-47EE-B8AB-029D406F9549}"
EndProject
Project("{2150E333-8FDC-42A3-9474-1A3956D46DE8}") = "OnlineChat.Core", "OnlineChat.Core", "{44E62F0E-CFFC-4867-9679-77D9914A81F0}"
EndProject
Project("{2150E333-8FDC-42A3-9474-1A3956D46DE8}") = "OnlineChat.Infrastructure", "OnlineChat.Infrastructure", "{E8572336-949C-4C05-86F5-4806498BD619}"
EndProject
Project("{9A19103F-16F7-4668-BE54-9A1E7A4F7556}") = "Configurations", "OnlineChat.Core\Configurations\Configurations.csproj", "{94087381-DDA1-4999-B814-2A190D94D397}"
EndProject
Project("{9A19103F-16F7-4668-BE54-9A1E7A4F7556}") = "Application", "OnlineChat.Core\Application\Application.csproj", "{324B453C-D092-4DA7-812E-1CF527C4DF85}"
EndProject
Project("{9A19103F-16F7-4668-BE54-9A1E7A4F7556}") = "Services", "OnlineChat.Core\Services\Services.csproj", "{FFD3CCE3-FEB7-4579-A224-FA2FD8319123}"
EndProject
Project("{9A19103F-16F7-4668-BE54-9A1E7A4F7556}") = "Exceptions", "OnlineChat.Core\Exceptions\Exceptions.csproj", "{AC636180-0761-4A44-9343-063692EF8E5F}"
EndProject
Project("{9A19103F-16F7-4668-BE54-9A1E7A4F7556}") = "Repositories", "OnlineChat.Infrastructure\Repositories\Repositories.csproj", "{5BD09BD1-B11E-4222-BB76-FAF599BDC133}"
EndProject
Project("{9A19103F-16F7-4668-BE54-9A1E7A4F7556}") = "EntityFramework.MicrosoftSQL", "OnlineChat.Infrastructure\EntityFramework.MicrosoftSQL\EntityFramework.MicrosoftSQL.csproj", "{81B8BD1A-FE12-4EC9-95AD-779A5EFCF5F0}"
EndProject
Project("{9A19103F-16F7-4668-BE54-9A1E7A4F7556}") = "Contracts", "OnlineChat.Core\Contracts\Contracts.csproj", "{E889EA16-F890-4279-B503-B3FF23DD3E18}"
EndProject
Project("{9A19103F-16F7-4668-BE54-9A1E7A4F7556}") = "Shared", "OnlineChat.Infrastructure\Shared\Shared.csproj", "{EBE7FA54-F4AB-466B-B453-12ADDC62719F}"
EndProject
Project("{FAE04EC0-301F-11D3-BF4B-00C04F79EFBC}") = "Resources", "Resources\Resources.csproj", "{38192777-79A7-4091-9690-E19F5199FC09}"
EndProject
Global
	GlobalSection(SolutionConfigurationPlatforms) = preSolution
		Debug|Any CPU = Debug|Any CPU
		Release|Any CPU = Release|Any CPU
	EndGlobalSection
	GlobalSection(ProjectConfigurationPlatforms) = postSolution
		{7E987DA4-8259-47EE-B8AB-029D406F9549}.Debug|Any CPU.ActiveCfg = Debug|Any CPU
		{7E987DA4-8259-47EE-B8AB-029D406F9549}.Debug|Any CPU.Build.0 = Debug|Any CPU
		{7E987DA4-8259-47EE-B8AB-029D406F9549}.Release|Any CPU.ActiveCfg = Release|Any CPU
		{7E987DA4-8259-47EE-B8AB-029D406F9549}.Release|Any CPU.Build.0 = Release|Any CPU
		{94087381-DDA1-4999-B814-2A190D94D397}.Debug|Any CPU.ActiveCfg = Debug|Any CPU
		{94087381-DDA1-4999-B814-2A190D94D397}.Debug|Any CPU.Build.0 = Debug|Any CPU
		{94087381-DDA1-4999-B814-2A190D94D397}.Release|Any CPU.ActiveCfg = Release|Any CPU
		{94087381-DDA1-4999-B814-2A190D94D397}.Release|Any CPU.Build.0 = Release|Any CPU
		{324B453C-D092-4DA7-812E-1CF527C4DF85}.Debug|Any CPU.ActiveCfg = Debug|Any CPU
		{324B453C-D092-4DA7-812E-1CF527C4DF85}.Debug|Any CPU.Build.0 = Debug|Any CPU
		{324B453C-D092-4DA7-812E-1CF527C4DF85}.Release|Any CPU.ActiveCfg = Release|Any CPU
		{324B453C-D092-4DA7-812E-1CF527C4DF85}.Release|Any CPU.Build.0 = Release|Any CPU
		{FFD3CCE3-FEB7-4579-A224-FA2FD8319123}.Debug|Any CPU.ActiveCfg = Debug|Any CPU
		{FFD3CCE3-FEB7-4579-A224-FA2FD8319123}.Debug|Any CPU.Build.0 = Debug|Any CPU
		{FFD3CCE3-FEB7-4579-A224-FA2FD8319123}.Release|Any CPU.ActiveCfg = Release|Any CPU
		{FFD3CCE3-FEB7-4579-A224-FA2FD8319123}.Release|Any CPU.Build.0 = Release|Any CPU
		{AC636180-0761-4A44-9343-063692EF8E5F}.Debug|Any CPU.ActiveCfg = Debug|Any CPU
		{AC636180-0761-4A44-9343-063692EF8E5F}.Debug|Any CPU.Build.0 = Debug|Any CPU
		{AC636180-0761-4A44-9343-063692EF8E5F}.Release|Any CPU.ActiveCfg = Release|Any CPU
		{AC636180-0761-4A44-9343-063692EF8E5F}.Release|Any CPU.Build.0 = Release|Any CPU
		{5BD09BD1-B11E-4222-BB76-FAF599BDC133}.Debug|Any CPU.ActiveCfg = Debug|Any CPU
		{5BD09BD1-B11E-4222-BB76-FAF599BDC133}.Debug|Any CPU.Build.0 = Debug|Any CPU
		{5BD09BD1-B11E-4222-BB76-FAF599BDC133}.Release|Any CPU.ActiveCfg = Release|Any CPU
		{5BD09BD1-B11E-4222-BB76-FAF599BDC133}.Release|Any CPU.Build.0 = Release|Any CPU
		{81B8BD1A-FE12-4EC9-95AD-779A5EFCF5F0}.Debug|Any CPU.ActiveCfg = Debug|Any CPU
		{81B8BD1A-FE12-4EC9-95AD-779A5EFCF5F0}.Debug|Any CPU.Build.0 = Debug|Any CPU
		{81B8BD1A-FE12-4EC9-95AD-779A5EFCF5F0}.Release|Any CPU.ActiveCfg = Release|Any CPU
		{81B8BD1A-FE12-4EC9-95AD-779A5EFCF5F0}.Release|Any CPU.Build.0 = Release|Any CPU
		{E889EA16-F890-4279-B503-B3FF23DD3E18}.Debug|Any CPU.ActiveCfg = Debug|Any CPU
		{E889EA16-F890-4279-B503-B3FF23DD3E18}.Debug|Any CPU.Build.0 = Debug|Any CPU
		{E889EA16-F890-4279-B503-B3FF23DD3E18}.Release|Any CPU.ActiveCfg = Release|Any CPU
		{E889EA16-F890-4279-B503-B3FF23DD3E18}.Release|Any CPU.Build.0 = Release|Any CPU
		{EBE7FA54-F4AB-466B-B453-12ADDC62719F}.Debug|Any CPU.ActiveCfg = Debug|Any CPU
		{EBE7FA54-F4AB-466B-B453-12ADDC62719F}.Debug|Any CPU.Build.0 = Debug|Any CPU
		{EBE7FA54-F4AB-466B-B453-12ADDC62719F}.Release|Any CPU.ActiveCfg = Release|Any CPU
		{EBE7FA54-F4AB-466B-B453-12ADDC62719F}.Release|Any CPU.Build.0 = Release|Any CPU
		{38192777-79A7-4091-9690-E19F5199FC09}.Debug|Any CPU.ActiveCfg = Debug|Any CPU
		{38192777-79A7-4091-9690-E19F5199FC09}.Debug|Any CPU.Build.0 = Debug|Any CPU
		{38192777-79A7-4091-9690-E19F5199FC09}.Release|Any CPU.ActiveCfg = Release|Any CPU
		{38192777-79A7-4091-9690-E19F5199FC09}.Release|Any CPU.Build.0 = Release|Any CPU
	EndGlobalSection
	GlobalSection(SolutionProperties) = preSolution
		HideSolutionNode = FALSE
	EndGlobalSection
	GlobalSection(NestedProjects) = preSolution
		{94087381-DDA1-4999-B814-2A190D94D397} = {44E62F0E-CFFC-4867-9679-77D9914A81F0}
		{324B453C-D092-4DA7-812E-1CF527C4DF85} = {44E62F0E-CFFC-4867-9679-77D9914A81F0}
		{FFD3CCE3-FEB7-4579-A224-FA2FD8319123} = {44E62F0E-CFFC-4867-9679-77D9914A81F0}
		{AC636180-0761-4A44-9343-063692EF8E5F} = {44E62F0E-CFFC-4867-9679-77D9914A81F0}
		{5BD09BD1-B11E-4222-BB76-FAF599BDC133} = {E8572336-949C-4C05-86F5-4806498BD619}
		{81B8BD1A-FE12-4EC9-95AD-779A5EFCF5F0} = {E8572336-949C-4C05-86F5-4806498BD619}
		{E889EA16-F890-4279-B503-B3FF23DD3E18} = {44E62F0E-CFFC-4867-9679-77D9914A81F0}
		{EBE7FA54-F4AB-466B-B453-12ADDC62719F} = {E8572336-949C-4C05-86F5-4806498BD619}
		{38192777-79A7-4091-9690-E19F5199FC09} = {44E62F0E-CFFC-4867-9679-77D9914A81F0}
	EndGlobalSection
	GlobalSection(ExtensibilityGlobals) = postSolution
		SolutionGuid = {43991A9B-EBEF-4904-AABF-9719D0C96D88}
	EndGlobalSection
EndGlobal
